
Microsoft Visual Studio Solution File, Format Version 12.00
# Visual Studio 15
VisualStudioVersion = 15.0.28307.2092
MinimumVisualStudioVersion = 10.0.40219.1
Project("{FAE04EC0-301F-11D3-BF4B-00C04F79EFBC}") = "confec", "bakery\confec.csproj", "{2526E6DC-AF4D-4DC4-B0A8-A191260168C3}"
EndProject
Project("{54435603-DBB4-11D2-8724-00A0C9A8B90C}") = "nmcSystem", "nmcSystem\nmcSystem.vdproj", "{5639FC8A-BCDA-4FF9-8F94-3736C0F8CFD6}"
EndProject
Global
	GlobalSection(SolutionConfigurationPlatforms) = preSolution
		Debug|Any CPU = Debug|Any CPU
		Release|Any CPU = Release|Any CPU
	EndGlobalSection
	GlobalSection(ProjectConfigurationPlatforms) = postSolution
		{2526E6DC-AF4D-4DC4-B0A8-A191260168C3}.Debug|Any CPU.ActiveCfg = Debug|Any CPU
		{2526E6DC-AF4D-4DC4-B0A8-A191260168C3}.Debug|Any CPU.Build.0 = Debug|Any CPU
		{2526E6DC-AF4D-4DC4-B0A8-A191260168C3}.Release|Any CPU.ActiveCfg = Release|Any CPU
		{2526E6DC-AF4D-4DC4-B0A8-A191260168C3}.Release|Any CPU.Build.0 = Release|Any CPU
		{5639FC8A-BCDA-4FF9-8F94-3736C0F8CFD6}.Debug|Any CPU.ActiveCfg = Debug
		{5639FC8A-BCDA-4FF9-8F94-3736C0F8CFD6}.Release|Any CPU.ActiveCfg = Release
	EndGlobalSection
	GlobalSection(SolutionProperties) = preSolution
		HideSolutionNode = FALSE
	EndGlobalSection
	GlobalSection(ExtensibilityGlobals) = postSolution
		SolutionGuid = {2B36246E-39F3-4EC4-94DF-3617CA0A398B}
	EndGlobalSection
EndGlobal
